
Microsoft Visual Studio Solution File, Format Version 11.00
# Visual C++ Express 2010
Project("{8BC9CEB8-8B4A-11D0-8D11-00A0C91BC942}") = "CrystalServer", "CrystalServer.vcxproj", "{704982BB-AD1C-4D87-822B-B215531F7B7F}"
EndProject
Global
	GlobalSection(SolutionConfigurationPlatforms) = preSolution
		Debug|Win32 = Debug|Win32
		Release|Win32 = Release|Win32
	EndGlobalSection
	GlobalSection(ProjectConfigurationPlatforms) = postSolution
		{704982BB-AD1C-4D87-822B-B215531F7B7F}.Debug|Win32.ActiveCfg = Debug|Win32
		{704982BB-AD1C-4D87-822B-B215531F7B7F}.Debug|Win32.Build.0 = Debug|Win32
		{704982BB-AD1C-4D87-822B-B215531F7B7F}.Release|Win32.ActiveCfg = Release|Win32
		{704982BB-AD1C-4D87-822B-B215531F7B7F}.Release|Win32.Build.0 = Release|Win32
	EndGlobalSection
	GlobalSection(SolutionProperties) = preSolution
		HideSolutionNode = FALSE
	EndGlobalSection
EndGlobal
